
Microsoft Visual Studio Solution File, Format Version 12.00
# Visual Studio Version 17
VisualStudioVersion = 17.10.35004.147
MinimumVisualStudioVersion = 10.0.40219.1
Project("{FAE04EC0-301F-11D3-BF4B-00C04F79EFBC}") = "BaiTap_Buoi3", "BaiTap_Buoi3.csproj", "{F7B4CC29-9241-4BDE-B6C4-EAD43B5B77FE}"
EndProject
Global
	GlobalSection(SolutionConfigurationPlatforms) = preSolution
		Debug|Any CPU = Debug|Any CPU
		Release|Any CPU = Release|Any CPU
	EndGlobalSection
	GlobalSection(ProjectConfigurationPlatforms) = postSolution
		{F7B4CC29-9241-4BDE-B6C4-EAD43B5B77FE}.Debug|Any CPU.ActiveCfg = Debug|Any CPU
		{F7B4CC29-9241-4BDE-B6C4-EAD43B5B77FE}.Debug|Any CPU.Build.0 = Debug|Any CPU
		{F7B4CC29-9241-4BDE-B6C4-EAD43B5B77FE}.Release|Any CPU.ActiveCfg = Release|Any CPU
		{F7B4CC29-9241-4BDE-B6C4-EAD43B5B77FE}.Release|Any CPU.Build.0 = Release|Any CPU
	EndGlobalSection
	GlobalSection(SolutionProperties) = preSolution
		HideSolutionNode = FALSE
	EndGlobalSection
	GlobalSection(ExtensibilityGlobals) = postSolution
		SolutionGuid = {51D1B5E9-4966-4127-A41D-B6F3F1A5FC49}
	EndGlobalSection
EndGlobal
